
Microsoft Visual Studio Solution File, Format Version 12.00
# Visual Studio Version 17
VisualStudioVersion = 17.11.35303.130
MinimumVisualStudioVersion = 10.0.40219.1
Project("{FAE04EC0-301F-11D3-BF4B-00C04F79EFBC}") = "desktop", "desktop\desktop.csproj", "{580B40B5-193A-4773-9A27-E99058F5753E}"
EndProject
Global
	GlobalSection(SolutionConfigurationPlatforms) = preSolution
		Debug|Any CPU = Debug|Any CPU
		Release|Any CPU = Release|Any CPU
	EndGlobalSection
	GlobalSection(ProjectConfigurationPlatforms) = postSolution
		{580B40B5-193A-4773-9A27-E99058F5753E}.Debug|Any CPU.ActiveCfg = Debug|Any CPU
		{580B40B5-193A-4773-9A27-E99058F5753E}.Debug|Any CPU.Build.0 = Debug|Any CPU
		{580B40B5-193A-4773-9A27-E99058F5753E}.Release|Any CPU.ActiveCfg = Release|Any CPU
		{580B40B5-193A-4773-9A27-E99058F5753E}.Release|Any CPU.Build.0 = Release|Any CPU
	EndGlobalSection
	GlobalSection(SolutionProperties) = preSolution
		HideSolutionNode = FALSE
	EndGlobalSection
	GlobalSection(ExtensibilityGlobals) = postSolution
		SolutionGuid = {F499EC37-DB81-4EC8-ADC9-CF440B50A180}
	EndGlobalSection
EndGlobal
